
Microsoft Visual Studio Solution File, Format Version 12.00
# Visual Studio Version 17
VisualStudioVersion = 17.2.32526.322
MinimumVisualStudioVersion = 10.0.40219.1
Project("{FAE04EC0-301F-11D3-BF4B-00C04F79EFBC}") = "DoubleVPartners", "DoubleVPartners\DoubleVPartners.csproj", "{9C3515BF-F992-46EC-8980-78A4B33C4862}"
EndProject
Global
	GlobalSection(SolutionConfigurationPlatforms) = preSolution
		Debug|Any CPU = Debug|Any CPU
		Release|Any CPU = Release|Any CPU
	EndGlobalSection
	GlobalSection(ProjectConfigurationPlatforms) = postSolution
		{9C3515BF-F992-46EC-8980-78A4B33C4862}.Debug|Any CPU.ActiveCfg = Debug|Any CPU
		{9C3515BF-F992-46EC-8980-78A4B33C4862}.Debug|Any CPU.Build.0 = Debug|Any CPU
		{9C3515BF-F992-46EC-8980-78A4B33C4862}.Release|Any CPU.ActiveCfg = Release|Any CPU
		{9C3515BF-F992-46EC-8980-78A4B33C4862}.Release|Any CPU.Build.0 = Release|Any CPU
	EndGlobalSection
	GlobalSection(SolutionProperties) = preSolution
		HideSolutionNode = FALSE
	EndGlobalSection
	GlobalSection(ExtensibilityGlobals) = postSolution
		SolutionGuid = {9099D682-79F9-4592-BA7B-2CA974FC574C}
	EndGlobalSection
EndGlobal
